// !$*UTF8*$!
{
	archiveVersion = 1;
	classes = {
	};
	objectVersion = 46;
	objects = {

/* Begin PBXBuildFile section */
		A69E92BC1C7D9ABE00F0B1DC /* main.m in Sources */ = {isa = PBXBuildFile; fileRef = A69E92BB1C7D9ABE00F0B1DC /* main.m */; };
		A69E92BF1C7D9ABE00F0B1DC /* AppDelegate.m in Sources */ = {isa = PBXBuildFile; fileRef = A69E92BE1C7D9ABE00F0B1DC /* AppDelegate.m */; };
		A69E92C21C7D9ABE00F0B1DC /* ViewController.m in Sources */ = {isa = PBXBuildFile; fileRef = A69E92C11C7D9ABE00F0B1DC /* ViewController.m */; };
		A69E92C51C7D9ABF00F0B1DC /* Main.storyboard in Resources */ = {isa = PBXBuildFile; fileRef = A69E92C31C7D9ABF00F0B1DC /* Main.storyboard */; };
		A69E92C71C7D9ABF00F0B1DC /* Assets.xcassets in Resources */ = {isa = PBXBuildFile; fileRef = A69E92C61C7D9ABF00F0B1DC /* Assets.xcassets */; };
		A69E92CA1C7D9ABF00F0B1DC /* LaunchScreen.storyboard in Resources */ = {isa = PBXBuildFile; fileRef = A69E92C81C7D9ABF00F0B1DC /* LaunchScreen.storyboard */; };
/* End PBXBuildFile section */

/* Begin PBXFileReference section */
		A69E92B71C7D9ABE00F0B1DC /* WDLoadingView.app */ = {isa = PBXFileReference; explicitFileType = wrapper.application; includeInIndex = 0; path = WDLoadingView.app; sourceTree = BUILT_PRODUCTS_DIR; };
		A69E92BB1C7D9ABE00F0B1DC /* main.m */ = {isa = PBXFileReference; lastKnownFileType = sourcecode.c.objc; path = main.m; sourceTree = "<group>"; };
		A69E92BD1C7D9ABE00F0B1DC /* AppDelegate.h */ = {isa = PBXFileReference; lastKnownFileType = sourcecode.c.h; path = AppDelegate.h; sourceTree = "<group>"; };
		A69E92BE1C7D9ABE00F0B1DC /* AppDelegate.m */ = {isa = PBXFileReference; lastKnownFileType = sourcecode.c.objc; path = AppDelegate.m; sourceTree = "<group>"; };
		A69E92C01C7D9ABE00F0B1DC /* ViewController.h */ = {isa = PBXFileReference; lastKnownFileType = sourcecode.c.h; path = ViewController.h; sourceTree = "<group>"; };
		A69E92C11C7D9ABE00F0B1DC /* ViewController.m */ = {isa = PBXFileReference; lastKnownFileType = sourcecode.c.objc; path = ViewController.m; sourceTree = "<group>"; };
		A69E92C41C7D9ABF00F0B1DC /* Base */ = {isa = PBXFileReference; lastKnownFileType = file.storyboard; name = Base; path = Base.lproj/Main.storyboard; sourceTree = "<group>"; };
		A69E92C61C7D9ABF00F0B1DC /* Assets.xcassets */ = {isa = PBXFileReference; lastKnownFileType = folder.assetcatalog; path = Assets.xcassets; sourceTree = "<group>"; };
		A69E92C91C7D9ABF00F0B1DC /* Base */ = {isa = PBXFileReference; lastKnownFileType = file.storyboard; name = Base; path = Base.lproj/LaunchScreen.storyboard; sourceTree = "<group>"; };
		A69E92CB1C7D9ABF00F0B1DC /* Info.plist */ = {isa = PBXFileReference; lastKnownFileType = text.plist.xml; path = Info.plist; sourceTree = "<group>"; };
/* End PBXFileReference section */

/* Begin PBXFrameworksBuildPhase section */
		A69E92B41C7D9ABE00F0B1DC /* Frameworks */ = {
			isa = PBXFrameworksBuildPhase;
			buildActionMask = 2147483647;
			files = (
			);
			runOnlyForDeploymentPostprocessing = 0;
		};
/* End PBXFrameworksBuildPhase section */

/* Begin PBXGroup section */
		A69E92AE1C7D9ABE00F0B1DC = {
			isa = PBXGroup;
			children = (
				A69E92B91C7D9ABE00F0B1DC /* WDLoadingView */,
				A69E92B81C7D9ABE00F0B1DC /* Products */,
			);
			sourceTree = "<group>";
		};
		A69E92B81C7D9ABE00F0B1DC /* Products */ = {
			isa = PBXGroup;
			children = (
				A69E92B71C7D9ABE00F0B1DC /* WDLoadingView.app */,
			);
			name = Products;
			sourceTree = "<group>";
		};
		A69E92B91C7D9ABE00F0B1DC /* WDLoadingView */ = {
			isa = PBXGroup;
			children = (
				A69E92BD1C7D9ABE00F0B1DC /* AppDelegate.h */,
				A69E92BE1C7D9ABE00F0B1DC /* AppDelegate.m */,
				A69E92C01C7D9ABE00F0B1DC /* ViewController.h */,
				A69E92C11C7D9ABE00F0B1DC /* ViewController.m */,
				A69E92C31C7D9ABF00F0B1DC /* Main.storyboard */,
				A69E92C61C7D9ABF00F0B1DC /* Assets.xcassets */,
				A69E92C81C7D9ABF00F0B1DC /* LaunchScreen.storyboard */,
				A69E92CB1C7D9ABF00F0B1DC /* Info.plist */,
				A69E92BA1C7D9ABE00F0B1DC /* Supporting Files */,
			);
			path = WDLoadingView;
			sourceTree = "<group>";
		};
		A69E92BA1C7D9ABE00F0B1DC /* Supporting Files */ = {
			isa = PBXGroup;
			children = (
				A69E92BB1C7D9ABE00F0B1DC /* main.m */,
			);
			name = "Supporting Files";
			sourceTree = "<group>";
		};
/* End PBXGroup section */

/* Begin PBXNativeTarget section */
		A69E92B61C7D9ABE00F0B1DC /* WDLoadingView */ = {
			isa = PBXNativeTarget;
			buildConfigurationList = A69E92CE1C7D9ABF00F0B1DC /* Build configuration list for PBXNativeTarget "WDLoadingView" */;
			buildPhases = (
				A69E92B31C7D9ABE00F0B1DC /* Sources */,
				A69E92B41C7D9ABE00F0B1DC /* Frameworks */,
				A69E92B51C7D9ABE00F0B1DC /* Resources */,
			);
			buildRules = (
			);
			dependencies = (
			);
			name = WDLoadingView;
			productName = WDLoadingView;
			productReference = A69E92B71C7D9ABE00F0B1DC /* WDLoadingView.app */;
			productType = "com.apple.product-type.application";
		};
/* End PBXNativeTarget section */

/* Begin PBXProject section */
		A69E92AF1C7D9ABE00F0B1DC /* Project object */ = {
			isa = PBXProject;
			attributes = {
				LastUpgradeCheck = 0720;
				ORGANIZATIONNAME = DNT;
				TargetAttributes = {
					A69E92B61C7D9ABE00F0B1DC = {
						CreatedOnToolsVersion = 7.2.1;
					};
				};
			};
			buildConfigurationList = A69E92B21C7D9ABE00F0B1DC /* Build configuration list for PBXProject "WDLoadingView" */;
			compatibilityVersion = "Xcode 3.2";
			developmentRegion = English;
			hasScannedForEncodings = 0;
			knownRegions = (
				en,
				Base,
			);
			mainGroup = A69E92AE1C7D9ABE00F0B1DC;
			productRefGroup = A69E92B81C7D9ABE00F0B1DC /* Products */;
			projectDirPath = "";
			projectRoot = "";
			targets = (
				A69E92B61C7D9ABE00F0B1DC /* WDLoadingView */,
			);
		};
/* End PBXProject section */

/* Begin PBXResourcesBuildPhase section */
		A69E92B51C7D9ABE00F0B1DC /* Resources */ = {
			isa = PBXResourcesBuildPhase;
			buildActionMask = 2147483647;
			files = (
				A69E92CA1C7D9ABF00F0B1DC /* LaunchScreen.storyboard in Resources */,
				A69E92C71C7D9ABF00F0B1DC /* Assets.xcassets in Resources */,
				A69E92C51C7D9ABF00F0B1DC /* Main.storyboard in Resources */,
			);
			runOnlyForDeploymentPostprocessing = 0;
		};
/* End PBXResourcesBuildPhase section */

/* Begin PBXSourcesBuildPhase section */
		A69E92B31C7D9ABE00F0B1DC /* Sources */ = {
			isa = PBXSourcesBuildPhase;
			buildActionMask = 2147483647;
			files = (
				A69E92C21C7D9ABE00F0B1DC /* ViewController.m in Sources */,
				A69E92BF1C7D9ABE00F0B1DC /* AppDelegate.m in Sources */,
				A69E92BC1C7D9ABE00F0B1DC /* main.m in Sources */,
			);
			runOnlyForDeploymentPostprocessing = 0;
		};
/* End PBXSourcesBuildPhase section */

/* Begin PBXVariantGroup section */
		A69E92C31C7D9ABF00F0B1DC /* Main.storyboard */ = {
			isa = PBXVariantGroup;
			children = (
				A69E92C41C7D9ABF00F0B1DC /* Base */,
			);
			name = Main.storyboard;
			sourceTree = "<group>";
		};
		A69E92C81C7D9ABF00F0B1DC /* LaunchScreen.storyboard */ = {
			isa = PBXVariantGroup;
			children = (
				A69E92C91C7D9ABF00F0B1DC /* Base */,
			);
			name = LaunchScreen.storyboard;
			sourceTree = "<group>";
		};
/* End PBXVariantGroup section */

/* Begin XCBuildConfiguration section */
		A69E92CC1C7D9ABF00F0B1DC /* Debug */ = {
			isa = XCBuildConfiguration;
			buildSettings = {
				ALWAYS_SEARCH_USER_PATHS = NO;
				CLANG_CXX_LANGUAGE_STANDARD = "gnu++0x";
				CLANG_CXX_LIBRARY = "libc++";
				CLANG_ENABLE_MODULES = YES;
				CLANG_ENABLE_OBJC_ARC = YES;
				CLANG_WARN_BOOL_CONVERSION = YES;
				CLANG_WARN_CONSTANT_CONVERSION = YES;
				CLANG_WARN_DIRECT_OBJC_ISA_USAGE = YES_ERROR;
				CLANG_WARN_EMPTY_BODY = YES;
				CLANG_WARN_ENUM_CONVERSION = YES;
				CLANG_WARN_INT_CONVERSION = YES;
				CLANG_WARN_OBJC_ROOT_CLASS = YES_ERROR;
				CLANG_WARN_UNREACHABLE_CODE = YES;
				CLANG_WARN__DUPLICATE_METHOD_MATCH = YES;
				"CODE_SIGN_IDENTITY[sdk=iphoneos*]" = "iPhone Developer";
				COPY_PHASE_STRIP = NO;
				DEBUG_INFORMATION_FORMAT = dwarf;
				ENABLE_STRICT_OBJC_MSGSEND = YES;
				ENABLE_TESTABILITY = YES;
				GCC_C_LANGUAGE_STANDARD = gnu99;
				GCC_DYNAMIC_NO_PIC = NO;
				GCC_NO_COMMON_BLOCKS = YES;
				GCC_OPTIMIZATION_LEVEL = 0;
				GCC_PREPROCESSOR_DEFINITIONS = (
					"DEBUG=1",
					"$(inherited)",
				);
				GCC_WARN_64_TO_32_BIT_CONVERSION = YES;
				GCC_WARN_ABOUT_RETURN_TYPE = YES_ERROR;
				GCC_WARN_UNDECLARED_SELECTOR = YES;
				GCC_WARN_UNINITIALIZED_AUTOS = YES_AGGRESSIVE;
				GCC_WARN_UNUSED_FUNCTION = YES;
				GCC_WARN_UNUSED_VARIABLE = YES;
				IPHONEOS_DEPLOYMENT_TARGET = 9.2;
				MTL_ENABLE_DEBUG_INFO = YES;
				ONLY_ACTIVE_ARCH = YES;
				SDKROOT = iphoneos;
			};
			name = Debug;
		};
		A69E92CD1C7D9ABF00F0B1DC /* Release */ = {
			isa = XCBuildConfiguration;
			buildSettings = {
				ALWAYS_SEARCH_USER_PATHS = NO;
				CLANG_CXX_LANGUAGE_STANDARD = "gnu++0x";
				CLANG_CXX_LIBRARY = "libc++";
				CLANG_ENABLE_MODULES = YES;
				CLANG_ENABLE_OBJC_ARC = YES;
				CLANG_WARN_BOOL_CONVERSION = YES;
				CLANG_WARN_CONSTANT_CONVERSION = YES;
				CLANG_WARN_DIRECT_OBJC_ISA_USAGE = YES_ERROR;
				CLANG_WARN_EMPTY_BODY = YES;
				CLANG_WARN_ENUM_CONVERSION = YES;
				CLANG_WARN_INT_CONVERSION = YES;
				CLANG_WARN_OBJC_ROOT_CLASS = YES_ERROR;
				CLANG_WARN_UNREACHABLE_CODE = YES;
				CLANG_WARN__DUPLICATE_METHOD_MATCH = YES;
				"CODE_SIGN_IDENTITY[sdk=iphoneos*]" = "iPhone Developer";
				COPY_PHASE_STRIP = NO;
				DEBUG_INFORMATION_FORMAT = "dwarf-with-dsym";
				ENABLE_NS_ASSERTIONS = NO;
				ENABLE_STRICT_OBJC_MSGSEND = YES;
				GCC_C_LANGUAGE_STANDARD = gnu99;
				GCC_NO_COMMON_BLOCKS = YES;
				GCC_WARN_64_TO_32_BIT_CONVERSION = YES;
				GCC_WARN_ABOUT_RETURN_TYPE = YES_ERROR;
				GCC_WARN_UNDECLARED_SELECTOR = YES;
				GCC_WARN_UNINITIALIZED_AUTOS = YES_AGGRESSIVE;
				GCC_WARN_UNUSED_FUNCTION = YES;
				GCC_WARN_UNUSED_VARIABLE = YES;
				IPHONEOS_DEPLOYMENT_TARGET = 9.2;
				MTL_ENABLE_DEBUG_INFO = NO;
				SDKROOT = iphoneos;
				VALIDATE_PRODUCT = YES;
			};
			name = Release;
		};
		A69E92CF1C7D9ABF00F0B1DC /* Debug */ = {
			isa = XCBuildConfiguration;
			buildSettings = {
				ASSETCATALOG_COMPILER_APPICON_NAME = AppIcon;
				INFOPLIST_FILE = WDLoadingView/Info.plist;
				LD_RUNPATH_SEARCH_PATHS = "$(inherited) @executable_path/Frameworks";
				PRODUCT_BUNDLE_IDENTIFIER = com.davidandty.WDLoadingView;
				PRODUCT_NAME = "$(TARGET_NAME)";
			};
			name = Debug;
		};
		A69E92D01C7D9ABF00F0B1DC /* Release */ = {
			isa = XCBuildConfiguration;
			buildSettings = {
				ASSETCATALOG_COMPILER_APPICON_NAME = AppIcon;
				INFOPLIST_FILE = WDLoadingView/Info.plist;
				LD_RUNPATH_SEARCH_PATHS = "$(inherited) @executable_path/Frameworks";
				PRODUCT_BUNDLE_IDENTIFIER = com.davidandty.WDLoadingView;
				PRODUCT_NAME = "$(TARGET_NAME)";
			};
			name = Release;
		};
/* End XCBuildConfiguration section */

/* Begin XCConfigurationList section */
		A69E92B21C7D9ABE00F0B1DC /* Build configuration list for PBXProject "WDLoadingView" */ = {
			isa = XCConfigurationList;
			buildConfigurations = (
				A69E92CC1C7D9ABF00F0B1DC /* Debug */,
				A69E92CD1C7D9ABF00F0B1DC /* Release */,
			);
			defaultConfigurationIsVisible = 0;
			defaultConfigurationName = Release;
		};
		A69E92CE1C7D9ABF00F0B1DC /* Build configuration list for PBXNativeTarget "WDLoadingView" */ = {
			isa = XCConfigurationList;
			buildConfigurations = (
				A69E92CF1C7D9ABF00F0B1DC /* Debug */,
				A69E92D01C7D9ABF00F0B1DC /* Release */,
			);
			defaultConfigurationIsVisible = 0;
		};
/* End XCConfigurationList section */
	};
	rootObject = A69E92AF1C7D9ABE00F0B1DC /* Project object */;
}
